// !$*UTF8*$!
{
	archiveVersion = 1;
	classes = {
	};
	objectVersion = 46;
	objects = {

/* Begin PBXBuildFile section */
		66BDAAFA1DEEF008004894A7 /* AppDelegate.m in Sources */ = {isa = PBXBuildFile; fileRef = 66BDAAF91DEEF008004894A7 /* AppDelegate.m */; };
		66BDAAFD1DEEF008004894A7 /* main.m in Sources */ = {isa = PBXBuildFile; fileRef = 66BDAAFC1DEEF008004894A7 /* main.m */; };
		66BDAB021DEEF008004894A7 /* Assets.xcassets in Resources */ = {isa = PBXBuildFile; fileRef = 66BDAB011DEEF008004894A7 /* Assets.xcassets */; };
		66BDAB051DEEF008004894A7 /* Main.storyboard in Resources */ = {isa = PBXBuildFile; fileRef = 66BDAB031DEEF008004894A7 /* Main.storyboard */; };
		66BDAB411DEEF87D004894A7 /* MenuController.m in Sources */ = {isa = PBXBuildFile; fileRef = 66BDAB401DEEF87D004894A7 /* MenuController.m */; };
		66BDAB441DEF01A4004894A7 /* Device.m in Sources */ = {isa = PBXBuildFile; fileRef = 66BDAB431DEF01A4004894A7 /* Device.m */; };
		66BDAB4D1DF06660004894A7 /* Application.m in Sources */ = {isa = PBXBuildFile; fileRef = 66BDAB4C1DF06660004894A7 /* Application.m */; };
/* End PBXBuildFile section */

/* Begin PBXFileReference section */
		66BDAAF51DEEF008004894A7 /* SimLoc.app */ = {isa = PBXFileReference; explicitFileType = wrapper.application; includeInIndex = 0; path = SimLoc.app; sourceTree = BUILT_PRODUCTS_DIR; };
		66BDAAF81DEEF008004894A7 /* AppDelegate.h */ = {isa = PBXFileReference; lastKnownFileType = sourcecode.c.h; path = AppDelegate.h; sourceTree = "<group>"; };
		66BDAAF91DEEF008004894A7 /* AppDelegate.m */ = {isa = PBXFileReference; lastKnownFileType = sourcecode.c.objc; path = AppDelegate.m; sourceTree = "<group>"; };
		66BDAAFC1DEEF008004894A7 /* main.m */ = {isa = PBXFileReference; lastKnownFileType = sourcecode.c.objc; path = main.m; sourceTree = "<group>"; };
		66BDAB011DEEF008004894A7 /* Assets.xcassets */ = {isa = PBXFileReference; lastKnownFileType = folder.assetcatalog; name = Assets.xcassets; path = SimLoc/Assets.xcassets; sourceTree = "<group>"; };
		66BDAB041DEEF008004894A7 /* Base */ = {isa = PBXFileReference; lastKnownFileType = file.storyboard; name = Base; path = Base.lproj/Main.storyboard; sourceTree = "<group>"; };
		66BDAB061DEEF008004894A7 /* Info.plist */ = {isa = PBXFileReference; lastKnownFileType = text.plist.xml; path = Info.plist; sourceTree = "<group>"; };
		66BDAB3F1DEEF87D004894A7 /* MenuController.h */ = {isa = PBXFileReference; fileEncoding = 4; lastKnownFileType = sourcecode.c.h; path = MenuController.h; sourceTree = "<group>"; };
		66BDAB401DEEF87D004894A7 /* MenuController.m */ = {isa = PBXFileReference; fileEncoding = 4; lastKnownFileType = sourcecode.c.objc; path = MenuController.m; sourceTree = "<group>"; };
		66BDAB421DEF01A4004894A7 /* Device.h */ = {isa = PBXFileReference; fileEncoding = 4; lastKnownFileType = sourcecode.c.h; path = Device.h; sourceTree = "<group>"; };
		66BDAB431DEF01A4004894A7 /* Device.m */ = {isa = PBXFileReference; fileEncoding = 4; lastKnownFileType = sourcecode.c.objc; path = Device.m; sourceTree = "<group>"; };
		66BDAB4B1DF06660004894A7 /* Application.h */ = {isa = PBXFileReference; fileEncoding = 4; lastKnownFileType = sourcecode.c.h; path = Application.h; sourceTree = "<group>"; };
		66BDAB4C1DF06660004894A7 /* Application.m */ = {isa = PBXFileReference; fileEncoding = 4; lastKnownFileType = sourcecode.c.objc; path = Application.m; sourceTree = "<group>"; };
/* End PBXFileReference section */

/* Begin PBXFrameworksBuildPhase section */
		66BDAAF21DEEF008004894A7 /* Frameworks */ = {
			isa = PBXFrameworksBuildPhase;
			buildActionMask = 2147483647;
			files = (
			);
			runOnlyForDeploymentPostprocessing = 0;
		};
/* End PBXFrameworksBuildPhase section */

/* Begin PBXGroup section */
		66BDAAEC1DEEF008004894A7 = {
			isa = PBXGroup;
			children = (
				66BDAAF71DEEF008004894A7 /* SimLoc */,
				66BDAB011DEEF008004894A7 /* Assets.xcassets */,
				66BDAAFB1DEEF008004894A7 /* Supporting Files */,
				66BDAB0C1DEEF4B1004894A7 /* Frameworks */,
				66BDAAF61DEEF008004894A7 /* Products */,
			);
			sourceTree = "<group>";
		};
		66BDAAF61DEEF008004894A7 /* Products */ = {
			isa = PBXGroup;
			children = (
				66BDAAF51DEEF008004894A7 /* SimLoc.app */,
			);
			name = Products;
			sourceTree = "<group>";
		};
		66BDAAF71DEEF008004894A7 /* SimLoc */ = {
			isa = PBXGroup;
			children = (
				66BDAB031DEEF008004894A7 /* Main.storyboard */,
				66BDAAF81DEEF008004894A7 /* AppDelegate.h */,
				66BDAAF91DEEF008004894A7 /* AppDelegate.m */,
				66BDAB4F1DF0AD34004894A7 /* Controllers */,
				66BDAB4E1DF0ABC5004894A7 /* Objects */,
			);
			path = SimLoc;
			sourceTree = "<group>";
		};
		66BDAAFB1DEEF008004894A7 /* Supporting Files */ = {
			isa = PBXGroup;
			children = (
				66BDAAFC1DEEF008004894A7 /* main.m */,
				66BDAB061DEEF008004894A7 /* Info.plist */,
			);
			name = "Supporting Files";
			path = SimLoc;
			sourceTree = "<group>";
		};
		66BDAB0C1DEEF4B1004894A7 /* Frameworks */ = {
			isa = PBXGroup;
			children = (
			);
			name = Frameworks;
			sourceTree = "<group>";
		};
		66BDAB4E1DF0ABC5004894A7 /* Objects */ = {
			isa = PBXGroup;
			children = (
				66BDAB4B1DF06660004894A7 /* Application.h */,
				66BDAB4C1DF06660004894A7 /* Application.m */,
				66BDAB421DEF01A4004894A7 /* Device.h */,
				66BDAB431DEF01A4004894A7 /* Device.m */,
			);
			name = Objects;
			sourceTree = "<group>";
		};
		66BDAB4F1DF0AD34004894A7 /* Controllers */ = {
			isa = PBXGroup;
			children = (
				66BDAB3F1DEEF87D004894A7 /* MenuController.h */,
				66BDAB401DEEF87D004894A7 /* MenuController.m */,
			);
			name = Controllers;
			sourceTree = "<group>";
		};
/* End PBXGroup section */

/* Begin PBXNativeTarget section */
		66BDAAF41DEEF008004894A7 /* SimLoc */ = {
			isa = PBXNativeTarget;
			buildConfigurationList = 66BDAB091DEEF008004894A7 /* Build configuration list for PBXNativeTarget "SimLoc" */;
			buildPhases = (
				66BDAAF11DEEF008004894A7 /* Sources */,
				66BDAAF21DEEF008004894A7 /* Frameworks */,
				66BDAAF31DEEF008004894A7 /* Resources */,
			);
			buildRules = (
			);
			dependencies = (
			);
			name = SimLoc;
			productName = SimLoc;
			productReference = 66BDAAF51DEEF008004894A7 /* SimLoc.app */;
			productType = "com.apple.product-type.application";
		};
/* End PBXNativeTarget section */

/* Begin PBXProject section */
		66BDAAED1DEEF008004894A7 /* Project object */ = {
			isa = PBXProject;
			attributes = {
				LastUpgradeCheck = 0810;
				ORGANIZATIONNAME = derbs;
				TargetAttributes = {
					66BDAAF41DEEF008004894A7 = {
						CreatedOnToolsVersion = 8.1;
						DevelopmentTeam = AJ997HVTPM;
						ProvisioningStyle = Automatic;
					};
				};
			};
			buildConfigurationList = 66BDAAF01DEEF008004894A7 /* Build configuration list for PBXProject "SimLoc" */;
			compatibilityVersion = "Xcode 3.2";
			developmentRegion = English;
			hasScannedForEncodings = 0;
			knownRegions = (
				en,
				Base,
			);
			mainGroup = 66BDAAEC1DEEF008004894A7;
			productRefGroup = 66BDAAF61DEEF008004894A7 /* Products */;
			projectDirPath = "";
			projectRoot = "";
			targets = (
				66BDAAF41DEEF008004894A7 /* SimLoc */,
			);
		};
/* End PBXProject section */

/* Begin PBXResourcesBuildPhase section */
		66BDAAF31DEEF008004894A7 /* Resources */ = {
			isa = PBXResourcesBuildPhase;
			buildActionMask = 2147483647;
			files = (
				66BDAB021DEEF008004894A7 /* Assets.xcassets in Resources */,
				66BDAB051DEEF008004894A7 /* Main.storyboard in Resources */,
			);
			runOnlyForDeploymentPostprocessing = 0;
		};
/* End PBXResourcesBuildPhase section */

/* Begin PBXSourcesBuildPhase section */
		66BDAAF11DEEF008004894A7 /* Sources */ = {
			isa = PBXSourcesBuildPhase;
			buildActionMask = 2147483647;
			files = (
				66BDAB4D1DF06660004894A7 /* Application.m in Sources */,
				66BDAB411DEEF87D004894A7 /* MenuController.m in Sources */,
				66BDAAFD1DEEF008004894A7 /* main.m in Sources */,
				66BDAB441DEF01A4004894A7 /* Device.m in Sources */,
				66BDAAFA1DEEF008004894A7 /* AppDelegate.m in Sources */,
			);
			runOnlyForDeploymentPostprocessing = 0;
		};
/* End PBXSourcesBuildPhase section */

/* Begin PBXVariantGroup section */
		66BDAB031DEEF008004894A7 /* Main.storyboard */ = {
			isa = PBXVariantGroup;
			children = (
				66BDAB041DEEF008004894A7 /* Base */,
			);
			name = Main.storyboard;
			sourceTree = "<group>";
		};
/* End PBXVariantGroup section */

/* Begin XCBuildConfiguration section */
		66BDAB071DEEF008004894A7 /* Debug */ = {
			isa = XCBuildConfiguration;
			buildSettings = {
				ALWAYS_SEARCH_USER_PATHS = NO;
				CLANG_ANALYZER_NONNULL = YES;
				CLANG_CXX_LANGUAGE_STANDARD = "gnu++0x";
				CLANG_CXX_LIBRARY = "libc++";
				CLANG_ENABLE_MODULES = YES;
				CLANG_ENABLE_OBJC_ARC = YES;
				CLANG_WARN_BOOL_CONVERSION = YES;
				CLANG_WARN_CONSTANT_CONVERSION = YES;
				CLANG_WARN_DIRECT_OBJC_ISA_USAGE = YES_ERROR;
				CLANG_WARN_DOCUMENTATION_COMMENTS = YES;
				CLANG_WARN_EMPTY_BODY = YES;
				CLANG_WARN_ENUM_CONVERSION = YES;
				CLANG_WARN_INFINITE_RECURSION = YES;
				CLANG_WARN_INT_CONVERSION = YES;
				CLANG_WARN_OBJC_ROOT_CLASS = YES_ERROR;
				CLANG_WARN_SUSPICIOUS_MOVES = YES;
				CLANG_WARN_UNREACHABLE_CODE = YES;
				CLANG_WARN__DUPLICATE_METHOD_MATCH = YES;
				CODE_SIGN_IDENTITY = "-";
				COPY_PHASE_STRIP = NO;
				DEBUG_INFORMATION_FORMAT = dwarf;
				ENABLE_STRICT_OBJC_MSGSEND = YES;
				ENABLE_TESTABILITY = YES;
				GCC_C_LANGUAGE_STANDARD = gnu99;
				GCC_DYNAMIC_NO_PIC = NO;
				GCC_NO_COMMON_BLOCKS = YES;
				GCC_OPTIMIZATION_LEVEL = 0;
				GCC_PREPROCESSOR_DEFINITIONS = (
					"DEBUG=1",
					"$(inherited)",
				);
				GCC_WARN_64_TO_32_BIT_CONVERSION = YES;
				GCC_WARN_ABOUT_RETURN_TYPE = YES_ERROR;
				GCC_WARN_UNDECLARED_SELECTOR = YES;
				GCC_WARN_UNINITIALIZED_AUTOS = YES_AGGRESSIVE;
				GCC_WARN_UNUSED_FUNCTION = YES;
				GCC_WARN_UNUSED_VARIABLE = YES;
				MACOSX_DEPLOYMENT_TARGET = 10.12;
				MTL_ENABLE_DEBUG_INFO = YES;
				ONLY_ACTIVE_ARCH = YES;
				SDKROOT = macosx;
			};
			name = Debug;
		};
		66BDAB081DEEF008004894A7 /* Release */ = {
			isa = XCBuildConfiguration;
			buildSettings = {
				ALWAYS_SEARCH_USER_PATHS = NO;
				CLANG_ANALYZER_NONNULL = YES;
				CLANG_CXX_LANGUAGE_STANDARD = "gnu++0x";
				CLANG_CXX_LIBRARY = "libc++";
				CLANG_ENABLE_MODULES = YES;
				CLANG_ENABLE_OBJC_ARC = YES;
				CLANG_WARN_BOOL_CONVERSION = YES;
				CLANG_WARN_CONSTANT_CONVERSION = YES;
				CLANG_WARN_DIRECT_OBJC_ISA_USAGE = YES_ERROR;
				CLANG_WARN_DOCUMENTATION_COMMENTS = YES;
				CLANG_WARN_EMPTY_BODY = YES;
				CLANG_WARN_ENUM_CONVERSION = YES;
				CLANG_WARN_INFINITE_RECURSION = YES;
				CLANG_WARN_INT_CONVERSION = YES;
				CLANG_WARN_OBJC_ROOT_CLASS = YES_ERROR;
				CLANG_WARN_SUSPICIOUS_MOVES = YES;
				CLANG_WARN_UNREACHABLE_CODE = YES;
				CLANG_WARN__DUPLICATE_METHOD_MATCH = YES;
				CODE_SIGN_IDENTITY = "-";
				COPY_PHASE_STRIP = NO;
				DEBUG_INFORMATION_FORMAT = "dwarf-with-dsym";
				ENABLE_NS_ASSERTIONS = NO;
				ENABLE_STRICT_OBJC_MSGSEND = YES;
				GCC_C_LANGUAGE_STANDARD = gnu99;
				GCC_NO_COMMON_BLOCKS = YES;
				GCC_WARN_64_TO_32_BIT_CONVERSION = YES;
				GCC_WARN_ABOUT_RETURN_TYPE = YES_ERROR;
				GCC_WARN_UNDECLARED_SELECTOR = YES;
				GCC_WARN_UNINITIALIZED_AUTOS = YES_AGGRESSIVE;
				GCC_WARN_UNUSED_FUNCTION = YES;
				GCC_WARN_UNUSED_VARIABLE = YES;
				MACOSX_DEPLOYMENT_TARGET = 10.12;
				MTL_ENABLE_DEBUG_INFO = NO;
				SDKROOT = macosx;
			};
			name = Release;
		};
		66BDAB0A1DEEF008004894A7 /* Debug */ = {
			isa = XCBuildConfiguration;
			buildSettings = {
				ASSETCATALOG_COMPILER_APPICON_NAME = AppIcon;
				COMBINE_HIDPI_IMAGES = YES;
				DEVELOPMENT_TEAM = AJ997HVTPM;
				INFOPLIST_FILE = SimLoc/Info.plist;
				LD_RUNPATH_SEARCH_PATHS = "$(inherited) @executable_path/../Frameworks";
				PRODUCT_BUNDLE_IDENTIFIER = com.derbs.SimLoc;
				PRODUCT_NAME = "$(TARGET_NAME)";
			};
			name = Debug;
		};
		66BDAB0B1DEEF008004894A7 /* Release */ = {
			isa = XCBuildConfiguration;
			buildSettings = {
				ASSETCATALOG_COMPILER_APPICON_NAME = AppIcon;
				COMBINE_HIDPI_IMAGES = YES;
				DEVELOPMENT_TEAM = AJ997HVTPM;
				INFOPLIST_FILE = SimLoc/Info.plist;
				LD_RUNPATH_SEARCH_PATHS = "$(inherited) @executable_path/../Frameworks";
				PRODUCT_BUNDLE_IDENTIFIER = com.derbs.SimLoc;
				PRODUCT_NAME = "$(TARGET_NAME)";
			};
			name = Release;
		};
/* End XCBuildConfiguration section */

/* Begin XCConfigurationList section */
		66BDAAF01DEEF008004894A7 /* Build configuration list for PBXProject "SimLoc" */ = {
			isa = XCConfigurationList;
			buildConfigurations = (
				66BDAB071DEEF008004894A7 /* Debug */,
				66BDAB081DEEF008004894A7 /* Release */,
			);
			defaultConfigurationIsVisible = 0;
			defaultConfigurationName = Release;
		};
		66BDAB091DEEF008004894A7 /* Build configuration list for PBXNativeTarget "SimLoc" */ = {
			isa = XCConfigurationList;
			buildConfigurations = (
				66BDAB0A1DEEF008004894A7 /* Debug */,
				66BDAB0B1DEEF008004894A7 /* Release */,
			);
			defaultConfigurationIsVisible = 0;
			defaultConfigurationName = Release;
		};
/* End XCConfigurationList section */
	};
	rootObject = 66BDAAED1DEEF008004894A7 /* Project object */;
}
